
Microsoft Visual Studio Solution File, Format Version 12.00
# Visual Studio Version 16
VisualStudioVersion = 16.0.31911.196
MinimumVisualStudioVersion = 10.0.40219.1
Project("{FAE04EC0-301F-11D3-BF4B-00C04F79EFBC}") = "MovieRESTAPI", "MovieRESTAPI\MovieRESTAPI.csproj", "{98814B2A-E985-4AA2-8728-E3E8F7504EFA}"
EndProject
Global
	GlobalSection(SolutionConfigurationPlatforms) = preSolution
		Debug|Any CPU = Debug|Any CPU
		Release|Any CPU = Release|Any CPU
	EndGlobalSection
	GlobalSection(ProjectConfigurationPlatforms) = postSolution
		{98814B2A-E985-4AA2-8728-E3E8F7504EFA}.Debug|Any CPU.ActiveCfg = Debug|Any CPU
		{98814B2A-E985-4AA2-8728-E3E8F7504EFA}.Debug|Any CPU.Build.0 = Debug|Any CPU
		{98814B2A-E985-4AA2-8728-E3E8F7504EFA}.Release|Any CPU.ActiveCfg = Release|Any CPU
		{98814B2A-E985-4AA2-8728-E3E8F7504EFA}.Release|Any CPU.Build.0 = Release|Any CPU
	EndGlobalSection
	GlobalSection(SolutionProperties) = preSolution
		HideSolutionNode = FALSE
	EndGlobalSection
	GlobalSection(ExtensibilityGlobals) = postSolution
		SolutionGuid = {941956D8-7C28-4D71-B456-B59E3E1675BD}
	EndGlobalSection
EndGlobal
